<Solution>
  <Project Path="DecisionFlow.Application/DecisionFlow.Application.csproj" />
  <Project Path="DecisionFlow.Domain/DecisionFlow.Domain.csproj" />
  <Project Path="DecisionFlow.Infrastructure/DecisionFlow.Infrastructure.csproj" />
  <Project Path="DecisionFlow.Test/DecisionFlow.UnitTest.csproj" Id="a8b96b00-7736-4c7a-adb3-6e7da02692d5" />
  <Project Path="DecisionFlow/DecisionFlow.csproj" />
</Solution>
